
Microsoft Visual Studio Solution File, Format Version 12.00
# Visual Studio Version 16
VisualStudioVersion = 16.0.30204.135
MinimumVisualStudioVersion = 10.0.40219.1
Project("{FAE04EC0-301F-11D3-BF4B-00C04F79EFBC}") = "the_game_of_life", "the_game_of_life\the_game_of_life.csproj", "{90B62AF7-B8F6-491C-A5DA-E333BE0828C3}"
EndProject
Global
	GlobalSection(SolutionConfigurationPlatforms) = preSolution
		Debug|Any CPU = Debug|Any CPU
		Release|Any CPU = Release|Any CPU
	EndGlobalSection
	GlobalSection(ProjectConfigurationPlatforms) = postSolution
		{90B62AF7-B8F6-491C-A5DA-E333BE0828C3}.Debug|Any CPU.ActiveCfg = Debug|Any CPU
		{90B62AF7-B8F6-491C-A5DA-E333BE0828C3}.Debug|Any CPU.Build.0 = Debug|Any CPU
		{90B62AF7-B8F6-491C-A5DA-E333BE0828C3}.Release|Any CPU.ActiveCfg = Release|Any CPU
		{90B62AF7-B8F6-491C-A5DA-E333BE0828C3}.Release|Any CPU.Build.0 = Release|Any CPU
	EndGlobalSection
	GlobalSection(SolutionProperties) = preSolution
		HideSolutionNode = FALSE
	EndGlobalSection
	GlobalSection(ExtensibilityGlobals) = postSolution
		SolutionGuid = {88B03EBF-8BCE-4C36-AAF6-1FCC30B9DAE1}
	EndGlobalSection
EndGlobal
